
Microsoft Visual Studio Solution File, Format Version 12.00
# Visual Studio Version 17
VisualStudioVersion = 17.8.34205.153
MinimumVisualStudioVersion = 10.0.40219.1
Project("{FAE04EC0-301F-11D3-BF4B-00C04F79EFBC}") = "RSA", "RSA\RSA.csproj", "{206F33C5-2AB8-4EDD-BC36-AE39672C573C}"
EndProject
Global
	GlobalSection(SolutionConfigurationPlatforms) = preSolution
		Debug|Any CPU = Debug|Any CPU
		Release|Any CPU = Release|Any CPU
	EndGlobalSection
	GlobalSection(ProjectConfigurationPlatforms) = postSolution
		{206F33C5-2AB8-4EDD-BC36-AE39672C573C}.Debug|Any CPU.ActiveCfg = Debug|Any CPU
		{206F33C5-2AB8-4EDD-BC36-AE39672C573C}.Debug|Any CPU.Build.0 = Debug|Any CPU
		{206F33C5-2AB8-4EDD-BC36-AE39672C573C}.Release|Any CPU.ActiveCfg = Release|Any CPU
		{206F33C5-2AB8-4EDD-BC36-AE39672C573C}.Release|Any CPU.Build.0 = Release|Any CPU
	EndGlobalSection
	GlobalSection(SolutionProperties) = preSolution
		HideSolutionNode = FALSE
	EndGlobalSection
	GlobalSection(ExtensibilityGlobals) = postSolution
		SolutionGuid = {00155E76-C9E4-4773-B5F0-E9C50A67F290}
	EndGlobalSection
EndGlobal
